
Microsoft Visual Studio Solution File, Format Version 12.00
# Visual Studio Version 16
VisualStudioVersion = 16.0.30621.155
MinimumVisualStudioVersion = 10.0.40219.1
Project("{FAE04EC0-301F-11D3-BF4B-00C04F79EFBC}") = "WindowsFormsApp_Test1", "WindowsFormsApp_Test1\WindowsFormsApp_Test1.csproj", "{838BA854-707C-4D61-8BE5-ABBBAA5CF1A0}"
EndProject
Project("{FAE04EC0-301F-11D3-BF4B-00C04F79EFBC}") = "Thread_Test1", "Thread_Test1\Thread_Test1.csproj", "{463F9310-814F-42A9-B3F7-CCDD938A1A7F}"
EndProject
Project("{FAE04EC0-301F-11D3-BF4B-00C04F79EFBC}") = "Thread_Test2", "Thread_Test2\Thread_Test2.csproj", "{113F73EB-302C-40AF-A46C-06A3C5D7F2C4}"
EndProject
Global
	GlobalSection(SolutionConfigurationPlatforms) = preSolution
		Debug|Any CPU = Debug|Any CPU
		Release|Any CPU = Release|Any CPU
	EndGlobalSection
	GlobalSection(ProjectConfigurationPlatforms) = postSolution
		{838BA854-707C-4D61-8BE5-ABBBAA5CF1A0}.Debug|Any CPU.ActiveCfg = Debug|Any CPU
		{838BA854-707C-4D61-8BE5-ABBBAA5CF1A0}.Debug|Any CPU.Build.0 = Debug|Any CPU
		{838BA854-707C-4D61-8BE5-ABBBAA5CF1A0}.Release|Any CPU.ActiveCfg = Release|Any CPU
		{838BA854-707C-4D61-8BE5-ABBBAA5CF1A0}.Release|Any CPU.Build.0 = Release|Any CPU
		{463F9310-814F-42A9-B3F7-CCDD938A1A7F}.Debug|Any CPU.ActiveCfg = Debug|Any CPU
		{463F9310-814F-42A9-B3F7-CCDD938A1A7F}.Debug|Any CPU.Build.0 = Debug|Any CPU
		{463F9310-814F-42A9-B3F7-CCDD938A1A7F}.Release|Any CPU.ActiveCfg = Release|Any CPU
		{463F9310-814F-42A9-B3F7-CCDD938A1A7F}.Release|Any CPU.Build.0 = Release|Any CPU
		{113F73EB-302C-40AF-A46C-06A3C5D7F2C4}.Debug|Any CPU.ActiveCfg = Debug|Any CPU
		{113F73EB-302C-40AF-A46C-06A3C5D7F2C4}.Debug|Any CPU.Build.0 = Debug|Any CPU
		{113F73EB-302C-40AF-A46C-06A3C5D7F2C4}.Release|Any CPU.ActiveCfg = Release|Any CPU
		{113F73EB-302C-40AF-A46C-06A3C5D7F2C4}.Release|Any CPU.Build.0 = Release|Any CPU
	EndGlobalSection
	GlobalSection(SolutionProperties) = preSolution
		HideSolutionNode = FALSE
	EndGlobalSection
	GlobalSection(ExtensibilityGlobals) = postSolution
		SolutionGuid = {3F138237-7C4B-4DD3-A1A1-EA363DB97582}
	EndGlobalSection
EndGlobal
